{
	"name": "@arco-design/mobile-react",
	"version": "2.39.1",
	"lockfileVersion": 2,
	"requires": true,
	"packages": {
		"": {
			"name": "@arco-design/mobile-react",
			"version": "2.38.4",
			"license": "ISC",
			"dependencies": {
				"@arco-design/transformable": "^1.0.0",
				"@babel/runtime": "^7",
				"lodash.throttle": "^4.1.1",
				"resize-observer-polyfill": "^1.5.1"
			},
			"devDependencies": {
				"@types/babel__traverse": "7.14.0",
				"@types/node": "17.0.41"
			},
			"peerDependencies": {
				"@types/react": ">=16.9.0",
				"@types/react-dom": ">=16.9.0",
				"@types/react-transition-group": ">=4.3.0",
				"react": ">=16.9.0",
				"react-dom": ">=16.9.0",
				"react-transition-group": ">=4.3.0"
			},
			"peerDependenciesMeta": {
				"@types/react": {
					"optional": true
				},
				"@types/react-dom": {
					"optional": true
				},
				"@types/react-transition-group": {
					"optional": true
				}
			}
		},
		"node_modules/@arco-design/transformable": {
			"version": "1.0.2",
			"resolved": "https://registry.npmjs.org/@arco-design/transformable/-/transformable-1.0.2.tgz",
			"integrity": "sha512-Wq3zOf7RAKxwRWaQ2t0u8QoLSWlPG7pJV6GdUyPQ++QiD9n0zXycmwRiNVzSep8GY9Ur5PCLBiCs7B92CaUwcA=="
		},
		"node_modules/@babel/helper-validator-identifier": {
			"version": "7.18.6",
			"resolved": "https://registry.npmjs.org/@babel/helper-validator-identifier/-/helper-validator-identifier-7.18.6.tgz",
			"integrity": "sha512-MmetCkz9ej86nJQV+sFCxoGGrUbU3q02kgLciwkrt9QqEB7cP39oKEY0PakknEO0Gu20SskMRi+AYZ3b1TpN9g==",
			"dev": true,
			"engines": {
				"node": ">=6.9.0"
			}
		},
		"node_modules/@babel/runtime": {
			"version": "7.24.4",
			"resolved": "https://registry.npmjs.org/@babel/runtime/-/runtime-7.24.4.tgz",
			"integrity": "sha512-dkxf7+hn8mFBwKjs9bvBlArzLVxVbS8usaPUDd5p2a9JCL9tB8OaOVN1isD4+Xyk4ns89/xeOmbQvgdK7IIVdA==",
			"dependencies": {
				"regenerator-runtime": "^0.14.0"
			},
			"engines": {
				"node": ">=6.9.0"
			}
		},
		"node_modules/@babel/types": {
			"version": "7.18.8",
			"resolved": "https://registry.npmjs.org/@babel/types/-/types-7.18.8.tgz",
			"integrity": "sha512-qwpdsmraq0aJ3osLJRApsc2ouSJCdnMeZwB0DhbtHAtRpZNZCdlbRnHIgcRKzdE1g0iOGg644fzjOBcdOz9cPw==",
			"dev": true,
			"dependencies": {
				"@babel/helper-validator-identifier": "^7.18.6",
				"to-fast-properties": "^2.0.0"
			},
			"engines": {
				"node": ">=6.9.0"
			}
		},
		"node_modules/@types/babel__traverse": {
			"version": "7.14.0",
			"resolved": "https://registry.npmjs.org/@types/babel__traverse/-/babel__traverse-7.14.0.tgz",
			"integrity": "sha512-IilJZ1hJBUZwMOVDNTdflOOLzJB/ZtljYVa7k3gEZN/jqIJIPkWHC6dvbX+DD2CwZDHB9wAKzZPzzqMIkW37/w==",
			"dev": true,
			"dependencies": {
				"@babel/types": "^7.3.0"
			}
		},
		"node_modules/@types/node": {
			"version": "17.0.41",
			"resolved": "https://registry.npmjs.org/@types/node/-/node-17.0.41.tgz",
			"integrity": "sha512-xA6drNNeqb5YyV5fO3OAEsnXLfO7uF0whiOfPTz5AeDo8KeZFmODKnvwPymMNO8qE/an8pVY/O50tig2SQCrGw==",
			"dev": true
		},
		"node_modules/lodash.throttle": {
			"version": "4.1.1",
			"resolved": "https://registry.npmjs.org/lodash.throttle/-/lodash.throttle-4.1.1.tgz",
			"integrity": "sha512-wIkUCfVKpVsWo3JSZlc+8MB5it+2AN5W8J7YVMST30UrvcQNZ1Okbj+rbVniijTWE6FGYy4XJq/rHkas8qJMLQ=="
		},
		"node_modules/regenerator-runtime": {
			"version": "0.14.1",
			"resolved": "https://registry.npmjs.org/regenerator-runtime/-/regenerator-runtime-0.14.1.tgz",
			"integrity": "sha512-dYnhHh0nJoMfnkZs6GmmhFknAGRrLznOu5nc9ML+EJxGvrx6H7teuevqVqCuPcPK//3eDrrjQhehXVx9cnkGdw=="
		},
		"node_modules/resize-observer-polyfill": {
			"version": "1.5.1",
			"resolved": "https://registry.npmjs.org/resize-observer-polyfill/-/resize-observer-polyfill-1.5.1.tgz",
			"integrity": "sha512-LwZrotdHOo12nQuZlHEmtuXdqGoOD0OhaxopaNFxWzInpEgaLWoVuAMbTzixuosCx2nEG58ngzW3vxdWoxIgdg=="
		},
		"node_modules/to-fast-properties": {
			"version": "2.0.0",
			"resolved": "https://registry.npmjs.org/to-fast-properties/-/to-fast-properties-2.0.0.tgz",
			"integrity": "sha512-/OaKK0xYrs3DmxRYqL/yDc+FxFUVYhDlXMhRmv3z915w2HF1tnN1omB354j8VUGO/hbRzyD6Y3sA7v7GS/ceog==",
			"dev": true,
			"engines": {
				"node": ">=4"
			}
		}
	},
	"dependencies": {
		"@arco-design/transformable": {
			"version": "1.0.2",
			"resolved": "https://registry.npmjs.org/@arco-design/transformable/-/transformable-1.0.2.tgz",
			"integrity": "sha512-Wq3zOf7RAKxwRWaQ2t0u8QoLSWlPG7pJV6GdUyPQ++QiD9n0zXycmwRiNVzSep8GY9Ur5PCLBiCs7B92CaUwcA=="
		},
		"@babel/helper-validator-identifier": {
			"version": "7.18.6",
			"resolved": "https://registry.npmjs.org/@babel/helper-validator-identifier/-/helper-validator-identifier-7.18.6.tgz",
			"integrity": "sha512-MmetCkz9ej86nJQV+sFCxoGGrUbU3q02kgLciwkrt9QqEB7cP39oKEY0PakknEO0Gu20SskMRi+AYZ3b1TpN9g==",
			"dev": true
		},
		"@babel/runtime": {
			"version": "7.24.4",
			"resolved": "https://registry.npmjs.org/@babel/runtime/-/runtime-7.24.4.tgz",
			"integrity": "sha512-dkxf7+hn8mFBwKjs9bvBlArzLVxVbS8usaPUDd5p2a9JCL9tB8OaOVN1isD4+Xyk4ns89/xeOmbQvgdK7IIVdA==",
			"requires": {
				"regenerator-runtime": "^0.14.0"
			}
		},
		"@babel/types": {
			"version": "7.18.8",
			"resolved": "https://registry.npmjs.org/@babel/types/-/types-7.18.8.tgz",
			"integrity": "sha512-qwpdsmraq0aJ3osLJRApsc2ouSJCdnMeZwB0DhbtHAtRpZNZCdlbRnHIgcRKzdE1g0iOGg644fzjOBcdOz9cPw==",
			"dev": true,
			"requires": {
				"@babel/helper-validator-identifier": "^7.18.6",
				"to-fast-properties": "^2.0.0"
			}
		},
		"@types/babel__traverse": {
			"version": "7.14.0",
			"resolved": "https://registry.npmjs.org/@types/babel__traverse/-/babel__traverse-7.14.0.tgz",
			"integrity": "sha512-IilJZ1hJBUZwMOVDNTdflOOLzJB/ZtljYVa7k3gEZN/jqIJIPkWHC6dvbX+DD2CwZDHB9wAKzZPzzqMIkW37/w==",
			"dev": true,
			"requires": {
				"@babel/types": "^7.3.0"
			}
		},
		"@types/node": {
			"version": "17.0.41",
			"resolved": "https://registry.npmjs.org/@types/node/-/node-17.0.41.tgz",
			"integrity": "sha512-xA6drNNeqb5YyV5fO3OAEsnXLfO7uF0whiOfPTz5AeDo8KeZFmODKnvwPymMNO8qE/an8pVY/O50tig2SQCrGw==",
			"dev": true
		},
		"lodash.throttle": {
			"version": "4.1.1",
			"resolved": "https://registry.npmjs.org/lodash.throttle/-/lodash.throttle-4.1.1.tgz",
			"integrity": "sha512-wIkUCfVKpVsWo3JSZlc+8MB5it+2AN5W8J7YVMST30UrvcQNZ1Okbj+rbVniijTWE6FGYy4XJq/rHkas8qJMLQ=="
		},
		"regenerator-runtime": {
			"version": "0.14.1",
			"resolved": "https://registry.npmjs.org/regenerator-runtime/-/regenerator-runtime-0.14.1.tgz",
			"integrity": "sha512-dYnhHh0nJoMfnkZs6GmmhFknAGRrLznOu5nc9ML+EJxGvrx6H7teuevqVqCuPcPK//3eDrrjQhehXVx9cnkGdw=="
		},
		"resize-observer-polyfill": {
			"version": "1.5.1",
			"resolved": "https://registry.npmjs.org/resize-observer-polyfill/-/resize-observer-polyfill-1.5.1.tgz",
			"integrity": "sha512-LwZrotdHOo12nQuZlHEmtuXdqGoOD0OhaxopaNFxWzInpEgaLWoVuAMbTzixuosCx2nEG58ngzW3vxdWoxIgdg=="
		},
		"to-fast-properties": {
			"version": "2.0.0",
			"resolved": "https://registry.npmjs.org/to-fast-properties/-/to-fast-properties-2.0.0.tgz",
			"integrity": "sha512-/OaKK0xYrs3DmxRYqL/yDc+FxFUVYhDlXMhRmv3z915w2HF1tnN1omB354j8VUGO/hbRzyD6Y3sA7v7GS/ceog==",
			"dev": true
		}
	}
}
