{
	"name": "@arco-design/mobile-utils",
	"version": "2.15.4",
	"lockfileVersion": 2,
	"requires": true,
	"packages": {
		"": {
			"name": "@arco-design/mobile-utils",
			"version": "2.14.0",
			"license": "ISC",
			"dependencies": {
				"es6-promise": "^4.2.8"
			}
		},
		"node_modules/es6-promise": {
			"version": "4.2.8",
			"resolved": "https://registry.npmjs.org/es6-promise/-/es6-promise-4.2.8.tgz",
			"integrity": "sha512-HJDGx5daxeIvxdBxvG2cb9g4tEvwIk3i8+nhX0yGrYmZUzbkdg8QbDevheDB8gd0//uPj4c1EQua8Q+MViT0/w=="
		}
	},
	"dependencies": {
		"es6-promise": {
			"version": "4.2.8",
			"resolved": "https://registry.npmjs.org/es6-promise/-/es6-promise-4.2.8.tgz",
			"integrity": "sha512-HJDGx5daxeIvxdBxvG2cb9g4tEvwIk3i8+nhX0yGrYmZUzbkdg8QbDevheDB8gd0//uPj4c1EQua8Q+MViT0/w=="
		}
	}
}
