{
	"name": "@arco-design/mobile-vue",
	"version": "0.0.0",
	"lockfileVersion": 3,
	"requires": true,
	"packages": {
		"": {
			"name": "@arco-design/mobile-vue",
			"version": "0.0.0",
			"license": "MIT",
			"dependencies": {
				"@arco-design/mobile-utils": "2.18.1",
				"lodash.throttle": "^4.1.1"
			}
		},
		"node_modules/@arco-design/mobile-utils": {
			"version": "2.18.1",
			"resolved": "https://registry.npmjs.org/@arco-design/mobile-utils/-/mobile-utils-2.18.1.tgz",
			"integrity": "sha512-eyaWKIto+9mPH2wwbkJuKvMI15bnubGIhdB3m9AKem4J/ani9O3Pa2Yqd40gaPMDYR0V477aybXcS+K9nF+0+g==",
			"dependencies": {
				"es6-promise": "^4.2.8"
			}
		},
		"node_modules/es6-promise": {
			"version": "4.2.8",
			"resolved": "https://registry.npmjs.org/es6-promise/-/es6-promise-4.2.8.tgz",
			"integrity": "sha512-HJDGx5daxeIvxdBxvG2cb9g4tEvwIk3i8+nhX0yGrYmZUzbkdg8QbDevheDB8gd0//uPj4c1EQua8Q+MViT0/w=="
		},
		"node_modules/lodash.throttle": {
			"version": "4.1.1",
			"resolved": "https://registry.npmjs.org/lodash.throttle/-/lodash.throttle-4.1.1.tgz",
			"integrity": "sha512-wIkUCfVKpVsWo3JSZlc+8MB5it+2AN5W8J7YVMST30UrvcQNZ1Okbj+rbVniijTWE6FGYy4XJq/rHkas8qJMLQ=="
		}
	}
}
